dependencies:
- name: ingress-nginx
  repository: https://kubernetes.github.io/ingress-nginx
  version: 4.0.19
- name: redis
  repository: https://charts.bitnami.com/bitnami
  version: 20.0.1
digest: sha256:5c0a8c161d39dc413f915629eb5397cedc063ce0f5bf4b94f9fe42f0c350e4d8
generated: "2024-08-11T23:46:40.051652+01:00"
